
Microsoft Visual Studio Solution File, Format Version 12.00
# Visual Studio Version 17
VisualStudioVersion = 17.11.35312.102
MinimumVisualStudioVersion = 10.0.40219.1
Project("{FAE04EC0-301F-11D3-BF4B-00C04F79EFBC}") = "test", "test\test.csproj", "{8F40AC8B-B65A-4DF7-BA31-6625971885EE}"
EndProject
Global
	GlobalSection(SolutionConfigurationPlatforms) = preSolution
		Debug|Any CPU = Debug|Any CPU
		Release|Any CPU = Release|Any CPU
	EndGlobalSection
	GlobalSection(ProjectConfigurationPlatforms) = postSolution
		{8F40AC8B-B65A-4DF7-BA31-6625971885EE}.Debug|Any CPU.ActiveCfg = Debug|Any CPU
		{8F40AC8B-B65A-4DF7-BA31-6625971885EE}.Debug|Any CPU.Build.0 = Debug|Any CPU
		{8F40AC8B-B65A-4DF7-BA31-6625971885EE}.Release|Any CPU.ActiveCfg = Release|Any CPU
		{8F40AC8B-B65A-4DF7-BA31-6625971885EE}.Release|Any CPU.Build.0 = Release|Any CPU
	EndGlobalSection
	GlobalSection(SolutionProperties) = preSolution
		HideSolutionNode = FALSE
	EndGlobalSection
	GlobalSection(ExtensibilityGlobals) = postSolution
		SolutionGuid = {E5D75FBC-050E-4D5F-915D-B29D3309E1D2}
	EndGlobalSection
EndGlobal
