
Microsoft Visual Studio Solution File, Format Version 12.00
# Visual Studio 2013
VisualStudioVersion = 12.0.30501.0
MinimumVisualStudioVersion = 10.0.40219.1
Project("{9A19103F-16F7-4668-BE54-9A1E7A4F7556}") = "Content", "Content.csproj", "{6EE36650-8C80-46BA-B13D-E9BC5838A9CE}"
EndProject
Global
	GlobalSection(SolutionConfigurationPlatforms) = preSolution
		Debug|Any CPU = Debug|Any CPU
		Release|Any CPU = Release|Any CPU
	EndGlobalSection
	GlobalSection(ProjectConfigurationPlatforms) = postSolution
		{6EE36650-8C80-46BA-B13D-E9BC5838A9CE}.Debug|Any CPU.ActiveCfg = Debug|Any CPU
		{6EE36650-8C80-46BA-B13D-E9BC5838A9CE}.Debug|Any CPU.Build.0 = Debug|Any CPU
		{6EE36650-8C80-46BA-B13D-E9BC5838A9CE}.Release|Any CPU.ActiveCfg = Release|Any CPU
		{6EE36650-8C80-46BA-B13D-E9BC5838A9CE}.Release|Any CPU.Build.0 = Release|Any CPU
	EndGlobalSection
	GlobalSection(SolutionProperties) = preSolution
		HideSolutionNode = FALSE
	EndGlobalSection
EndGlobal
